{
  "name": "tekito-miniapp",
  "version": "1.0.0",
  "lockfileVersion": 3,
  "requires": true,
  "packages": {
    "": {
      "name": "tekito-miniapp",
      "version": "1.0.0",
      "license": "ISC",
      "dependencies": {
        "ejdict": "^1.4.2"
      }
    },
    "node_modules/ejdict": {
      "version": "1.4.2",
      "resolved": "https://registry.npmjs.org/ejdict/-/ejdict-1.4.2.tgz",
      "integrity": "sha512-yvxP1+xjfOHWJeDbXSWxeSckMMl6P7b4LysaOVehQrd/iWnF/yjOQrcfOi04u4bE8ED1qLENjnqwlGTl0wji7w==",
      "license": "MIT",
      "bin": {
        "ejdict": "bin/ejdict.js"
      }
    }
  }
}
